
Microsoft Visual Studio Solution File, Format Version 12.00
# Visual Studio Version 17
VisualStudioVersion = 17.3.32825.248
MinimumVisualStudioVersion = 10.0.40219.1
Project("{9A19103F-16F7-4668-BE54-9A1E7A4F7556}") = "AdvancedFeatues.Presantation.One", "AdvancedFeatues.Presantation.One\AdvancedFeatues.Presantation.One.csproj", "{9713383F-5A27-4584-BD66-1FFB8C4341A6}"
EndProject
Project("{9A19103F-16F7-4668-BE54-9A1E7A4F7556}") = "AdvancedFeatues.Subclasses", "AdvancedFeatues.Subclasses\AdvancedFeatues.Subclasses.csproj", "{8E30F79F-7E6C-44C8-90A1-4DFF1466A5AE}"
EndProject
Project("{9A19103F-16F7-4668-BE54-9A1E7A4F7556}") = "AdvancedFeatures.Polymorphism", "AdvancedFeatures.Polymorphism\AdvancedFeatures.Polymorphism.csproj", "{112EE0D3-E07A-4B6B-BE23-C503185E9AAD}"
EndProject
Project("{2150E333-8FDC-42A3-9474-1A3956D46DE8}") = "Exercises", "Exercises", "{0C5BDD56-C5D5-4109-8FD6-ED30C34C9DE3}"
	ProjectSection(SolutionItems) = preProject
		Edit file.txt = Edit file.txt
		List of students.txt = List of students.txt
		Photo Album.txt = Photo Album.txt
		Remote Controlled Car.txt = Remote Controlled Car.txt
		Show Room.txt = Show Room.txt
	EndProjectSection
EndProject
Project("{9A19103F-16F7-4668-BE54-9A1E7A4F7556}") = "AdvancedFeatues.Interface", "AdvancedFeatues.Interface\AdvancedFeatues.Interface.csproj", "{B76670E6-B392-4686-8092-11E3DB589B5F}"
EndProject
Project("{9A19103F-16F7-4668-BE54-9A1E7A4F7556}") = "AdvancedFeatures.Exceptions", "AdvancedFeatures.Exceptions\AdvancedFeatures.Exceptions.csproj", "{8CC4FBF4-7275-4B1C-BCEB-58B1BB95A8EB}"
EndProject
Project("{9A19103F-16F7-4668-BE54-9A1E7A4F7556}") = "AdvancedFeatures.Collections", "AdvancedFeatures.Collections\AdvancedFeatures.Collections.csproj", "{1480CB1E-53B3-48DC-A83A-E499D6AC3CB2}"
EndProject
Project("{9A19103F-16F7-4668-BE54-9A1E7A4F7556}") = "AdvancedFeatues.Attributes", "AdvancedFeatues.Attributes\AdvancedFeatues.Attributes.csproj", "{C858A671-8F2D-4626-9A13-48D3E5DDC400}"
EndProject
Project("{9A19103F-16F7-4668-BE54-9A1E7A4F7556}") = "AdvancedFeatues.Generics", "AdvancedFeatues.Generics\AdvancedFeatues.Generics.csproj", "{DB127210-A641-4068-BF42-0ADCA52B9B3A}"
EndProject
Project("{9A19103F-16F7-4668-BE54-9A1E7A4F7556}") = "AdvancedFeatures.Concurrency.Mutex", "AdvancedFeatures.Concurrency\AdvancedFeatures.Concurrency.Mutex.csproj", "{0040D4E8-6278-41D0-B5C8-68499CA746C5}"
EndProject
Project("{9A19103F-16F7-4668-BE54-9A1E7A4F7556}") = "AdvancedFeatures.Concurrency.Lock", "AdvancedFeatures.Concurrency.Lock\AdvancedFeatures.Concurrency.Lock.csproj", "{AE48C7BC-E096-4C40-A3D9-5ACE53728CAF}"
EndProject
Project("{9A19103F-16F7-4668-BE54-9A1E7A4F7556}") = "AdvancedFeatues.Concurrency.SemaphoreSlim", "AdvancedFeatues.Concurrency.SemaphoreSlim\AdvancedFeatues.Concurrency.SemaphoreSlim.csproj", "{3F346EBB-3194-4720-931C-6FF7FB964B19}"
EndProject
Project("{9A19103F-16F7-4668-BE54-9A1E7A4F7556}") = "AdvancedFeatues.Concurrency.Semaphore", "AdvancedFeatues.Concurrency.Semaphore\AdvancedFeatues.Concurrency.Semaphore.csproj", "{F7A26494-FC93-4076-9375-12669E8DB286}"
EndProject
Project("{9A19103F-16F7-4668-BE54-9A1E7A4F7556}") = "AdvancedFeatures.Presantation.Async", "AdvancedFeatures.Presantation.Async\AdvancedFeatures.Presantation.Async.csproj", "{36A2ECC9-B612-4D89-AED6-C780C63FE2E1}"
EndProject
Project("{9A19103F-16F7-4668-BE54-9A1E7A4F7556}") = "AdvancedFeatures.ListOfStudents", "AdvancedFeatures.ListOfStudents\AdvancedFeatures.ListOfStudents.csproj", "{DC30EAB0-9053-4A49-9DC8-A4A7748667AE}"
EndProject
Project("{2150E333-8FDC-42A3-9474-1A3956D46DE8}") = "Tests", "Tests", "{48A27D44-5B80-4EA4-BFA3-CB6D7B413AFA}"
EndProject
Project("{9A19103F-16F7-4668-BE54-9A1E7A4F7556}") = "AdvancedFeatues.ListOfStudents.Tests", "AdvancedFeatues.ListOfStudents.Tests\AdvancedFeatues.ListOfStudents.Tests.csproj", "{02E56AFE-D4D8-48B0-B291-CE00BD3EF661}"
EndProject
Project("{9A19103F-16F7-4668-BE54-9A1E7A4F7556}") = "AdvancedFeatues.PhotoAlbum", "AdvancedFeatues.PhotoAlbum\AdvancedFeatues.PhotoAlbum.csproj", "{4603163A-C464-4A8D-9AAD-C98F61326211}"
EndProject
Project("{9A19103F-16F7-4668-BE54-9A1E7A4F7556}") = "AdvancedFeatures.PhotoAlbum.Tests", "AdvancedFeatures.PhotoAlbum.Tests\AdvancedFeatures.PhotoAlbum.Tests.csproj", "{1ED56868-2DC0-4BA5-B014-1B9849C7A0E0}"
EndProject
Project("{9A19103F-16F7-4668-BE54-9A1E7A4F7556}") = "AdvancedFeatures.EditFile", "AdvancedFeatures.EditFile\AdvancedFeatures.EditFile.csproj", "{CFE92E69-BF03-4277-83A8-EF0960686487}"
EndProject
Project("{2150E333-8FDC-42A3-9474-1A3956D46DE8}") = "AdvancedFeatures", "AdvancedFeatures", "{D363E96B-C464-4BF1-80F3-C626CD6EF4E5}"
EndProject
Project("{2150E333-8FDC-42A3-9474-1A3956D46DE8}") = "AdvancedFeaturesCoding", "AdvancedFeaturesCoding", "{811BD7B0-EABA-45A2-A464-5ED5CBBD59A0}"
EndProject
Project("{9A19103F-16F7-4668-BE54-9A1E7A4F7556}") = "AdvancedFeaturesCoding.ExerciseOne", "AdvancedFeaturesCoding.ExerciseOne\AdvancedFeaturesCoding.ExerciseOne.csproj", "{D4094E32-FF49-42F4-9B04-B2771926B06E}"
EndProject
Project("{2150E333-8FDC-42A3-9474-1A3956D46DE8}") = "Tests", "Tests", "{729A0CF3-FF65-4BCC-B02A-120CF95C5A2A}"
EndProject
Project("{9A19103F-16F7-4668-BE54-9A1E7A4F7556}") = "AdvancedFeaturesCoding.Shared.Tests", "AdvancedFeaturesCoding.ExerciseOne.Tests\AdvancedFeaturesCoding.Shared.Tests.csproj", "{3CFA034A-82BE-4CC8-B544-C1076F3ACA18}"
EndProject
Project("{9A19103F-16F7-4668-BE54-9A1E7A4F7556}") = "AdvancedFeaturesCoding.ExerciseTwo", "AdvancedFeaturesCoding.ExerciseTwo\AdvancedFeaturesCoding.ExerciseTwo.csproj", "{2577CCF3-6A6E-4A4F-B95A-AD20D11A4038}"
EndProject
Project("{9A19103F-16F7-4668-BE54-9A1E7A4F7556}") = "AdvancedFeaturesCoding.Shared", "AdvancedFeaturesCoding.Shared\AdvancedFeaturesCoding.Shared.csproj", "{753F5324-AD41-4C1B-AA77-A721823BB229}"
EndProject
Project("{9A19103F-16F7-4668-BE54-9A1E7A4F7556}") = "AdvancedFeaturesCoding.ExerciseThree", "AdvancedFeaturesCoding.ExerciseThree\AdvancedFeaturesCoding.ExerciseThree.csproj", "{B44DE855-9A13-4198-B8CB-2E18180699C5}"
EndProject
Project("{9A19103F-16F7-4668-BE54-9A1E7A4F7556}") = "AdvancedFeaturesCoding.ExerciseFour", "AdvancedFeaturesCoding.ExerciseFour\AdvancedFeaturesCoding.ExerciseFour.csproj", "{ECF89610-A720-4AF6-9767-09A0305F869F}"
EndProject
Project("{9A19103F-16F7-4668-BE54-9A1E7A4F7556}") = "AdvancedFeaturesCoding.ExerciseSeven", "AdvancedFeaturesCoding.ExerciseFive\AdvancedFeaturesCoding.ExerciseSeven.csproj", "{BEB84EA2-1DC3-485B-9934-0027275C8754}"
EndProject
Project("{9A19103F-16F7-4668-BE54-9A1E7A4F7556}") = "AdvancedFeaturesCoding.ExerciseSix", "AdvancedFeaturesCoding.ExerciseSix\AdvancedFeaturesCoding.ExerciseSix.csproj", "{36F41FD3-18E9-4AF6-8A94-B9EB3ED93CDA}"
EndProject
Project("{9A19103F-16F7-4668-BE54-9A1E7A4F7556}") = "AdvancedFeaturesCoding.ExerciseThirteen", "AdvancedFeaturesCoding.ExerciseThirteen\AdvancedFeaturesCoding.ExerciseThirteen.csproj", "{C504F929-DA37-471B-841D-947F85FF2BFD}"
EndProject
Project("{9A19103F-16F7-4668-BE54-9A1E7A4F7556}") = "AdvancedFeaturesCoding.ExerciseTwelve", "AdvancedFeaturesCoding.ExerciseTwelve\AdvancedFeaturesCoding.ExerciseTwelve.csproj", "{94BE7E49-5DC7-49BA-8305-4791DBD2CC1F}"
EndProject
Project("{9A19103F-16F7-4668-BE54-9A1E7A4F7556}") = "AdvancedFeaturesCoding.ExerciseTeen", "AdvancedFeaturesCoding.ExercseTeen\AdvancedFeaturesCoding.ExerciseTeen.csproj", "{CD798087-9600-456D-891C-F0598370FCCA}"
EndProject
Project("{9A19103F-16F7-4668-BE54-9A1E7A4F7556}") = "AdvancedFeaturesCoding.Exercise5", "AdvancedFeaturesCoding.Exercise5\AdvancedFeaturesCoding.Exercise5.csproj", "{02CE1C55-DDE6-4091-8738-A0D9D79F9D07}"
EndProject
Project("{9A19103F-16F7-4668-BE54-9A1E7A4F7556}") = "AdvancedFeaturedCoding.Exercise19", "AdvancedFeaturedCoding.Exercise19\AdvancedFeaturedCoding.Exercise19.csproj", "{03468633-3368-4133-9343-CA28D6F4B978}"
EndProject
Project("{FAE04EC0-301F-11D3-BF4B-00C04F79EFBC}") = "AdvancedFeaturesCoding.ExerciseTwenty", "AdvancedFeaturesExerciseTwenty\AdvancedFeaturesCoding.ExerciseTwenty.csproj", "{949A1D7B-B1EC-4DB6-AA02-E58F4237164E}"
EndProject
Global
	GlobalSection(SolutionConfigurationPlatforms) = preSolution
		Debug|Any CPU = Debug|Any CPU
		Release|Any CPU = Release|Any CPU
	EndGlobalSection
	GlobalSection(ProjectConfigurationPlatforms) = postSolution
		{9713383F-5A27-4584-BD66-1FFB8C4341A6}.Debug|Any CPU.ActiveCfg = Debug|Any CPU
		{9713383F-5A27-4584-BD66-1FFB8C4341A6}.Debug|Any CPU.Build.0 = Debug|Any CPU
		{9713383F-5A27-4584-BD66-1FFB8C4341A6}.Release|Any CPU.ActiveCfg = Release|Any CPU
		{9713383F-5A27-4584-BD66-1FFB8C4341A6}.Release|Any CPU.Build.0 = Release|Any CPU
		{8E30F79F-7E6C-44C8-90A1-4DFF1466A5AE}.Debug|Any CPU.ActiveCfg = Debug|Any CPU
		{8E30F79F-7E6C-44C8-90A1-4DFF1466A5AE}.Debug|Any CPU.Build.0 = Debug|Any CPU
		{8E30F79F-7E6C-44C8-90A1-4DFF1466A5AE}.Release|Any CPU.ActiveCfg = Release|Any CPU
		{8E30F79F-7E6C-44C8-90A1-4DFF1466A5AE}.Release|Any CPU.Build.0 = Release|Any CPU
		{112EE0D3-E07A-4B6B-BE23-C503185E9AAD}.Debug|Any CPU.ActiveCfg = Debug|Any CPU
		{112EE0D3-E07A-4B6B-BE23-C503185E9AAD}.Debug|Any CPU.Build.0 = Debug|Any CPU
		{112EE0D3-E07A-4B6B-BE23-C503185E9AAD}.Release|Any CPU.ActiveCfg = Release|Any CPU
		{112EE0D3-E07A-4B6B-BE23-C503185E9AAD}.Release|Any CPU.Build.0 = Release|Any CPU
		{B76670E6-B392-4686-8092-11E3DB589B5F}.Debug|Any CPU.ActiveCfg = Debug|Any CPU
		{B76670E6-B392-4686-8092-11E3DB589B5F}.Debug|Any CPU.Build.0 = Debug|Any CPU
		{B76670E6-B392-4686-8092-11E3DB589B5F}.Release|Any CPU.ActiveCfg = Release|Any CPU
		{B76670E6-B392-4686-8092-11E3DB589B5F}.Release|Any CPU.Build.0 = Release|Any CPU
		{8CC4FBF4-7275-4B1C-BCEB-58B1BB95A8EB}.Debug|Any CPU.ActiveCfg = Debug|Any CPU
		{8CC4FBF4-7275-4B1C-BCEB-58B1BB95A8EB}.Debug|Any CPU.Build.0 = Debug|Any CPU
		{8CC4FBF4-7275-4B1C-BCEB-58B1BB95A8EB}.Release|Any CPU.ActiveCfg = Release|Any CPU
		{8CC4FBF4-7275-4B1C-BCEB-58B1BB95A8EB}.Release|Any CPU.Build.0 = Release|Any CPU
		{1480CB1E-53B3-48DC-A83A-E499D6AC3CB2}.Debug|Any CPU.ActiveCfg = Debug|Any CPU
		{1480CB1E-53B3-48DC-A83A-E499D6AC3CB2}.Debug|Any CPU.Build.0 = Debug|Any CPU
		{1480CB1E-53B3-48DC-A83A-E499D6AC3CB2}.Release|Any CPU.ActiveCfg = Release|Any CPU
		{1480CB1E-53B3-48DC-A83A-E499D6AC3CB2}.Release|Any CPU.Build.0 = Release|Any CPU
		{C858A671-8F2D-4626-9A13-48D3E5DDC400}.Debug|Any CPU.ActiveCfg = Debug|Any CPU
		{C858A671-8F2D-4626-9A13-48D3E5DDC400}.Debug|Any CPU.Build.0 = Debug|Any CPU
		{C858A671-8F2D-4626-9A13-48D3E5DDC400}.Release|Any CPU.ActiveCfg = Release|Any CPU
		{C858A671-8F2D-4626-9A13-48D3E5DDC400}.Release|Any CPU.Build.0 = Release|Any CPU
		{DB127210-A641-4068-BF42-0ADCA52B9B3A}.Debug|Any CPU.ActiveCfg = Debug|Any CPU
		{DB127210-A641-4068-BF42-0ADCA52B9B3A}.Debug|Any CPU.Build.0 = Debug|Any CPU
		{DB127210-A641-4068-BF42-0ADCA52B9B3A}.Release|Any CPU.ActiveCfg = Release|Any CPU
		{DB127210-A641-4068-BF42-0ADCA52B9B3A}.Release|Any CPU.Build.0 = Release|Any CPU
		{0040D4E8-6278-41D0-B5C8-68499CA746C5}.Debug|Any CPU.ActiveCfg = Debug|Any CPU
		{0040D4E8-6278-41D0-B5C8-68499CA746C5}.Debug|Any CPU.Build.0 = Debug|Any CPU
		{0040D4E8-6278-41D0-B5C8-68499CA746C5}.Release|Any CPU.ActiveCfg = Release|Any CPU
		{0040D4E8-6278-41D0-B5C8-68499CA746C5}.Release|Any CPU.Build.0 = Release|Any CPU
		{AE48C7BC-E096-4C40-A3D9-5ACE53728CAF}.Debug|Any CPU.ActiveCfg = Debug|Any CPU
		{AE48C7BC-E096-4C40-A3D9-5ACE53728CAF}.Debug|Any CPU.Build.0 = Debug|Any CPU
		{AE48C7BC-E096-4C40-A3D9-5ACE53728CAF}.Release|Any CPU.ActiveCfg = Release|Any CPU
		{AE48C7BC-E096-4C40-A3D9-5ACE53728CAF}.Release|Any CPU.Build.0 = Release|Any CPU
		{3F346EBB-3194-4720-931C-6FF7FB964B19}.Debug|Any CPU.ActiveCfg = Debug|Any CPU
		{3F346EBB-3194-4720-931C-6FF7FB964B19}.Debug|Any CPU.Build.0 = Debug|Any CPU
		{3F346EBB-3194-4720-931C-6FF7FB964B19}.Release|Any CPU.ActiveCfg = Release|Any CPU
		{3F346EBB-3194-4720-931C-6FF7FB964B19}.Release|Any CPU.Build.0 = Release|Any CPU
		{F7A26494-FC93-4076-9375-12669E8DB286}.Debug|Any CPU.ActiveCfg = Debug|Any CPU
		{F7A26494-FC93-4076-9375-12669E8DB286}.Debug|Any CPU.Build.0 = Debug|Any CPU
		{F7A26494-FC93-4076-9375-12669E8DB286}.Release|Any CPU.ActiveCfg = Release|Any CPU
		{F7A26494-FC93-4076-9375-12669E8DB286}.Release|Any CPU.Build.0 = Release|Any CPU
		{36A2ECC9-B612-4D89-AED6-C780C63FE2E1}.Debug|Any CPU.ActiveCfg = Debug|Any CPU
		{36A2ECC9-B612-4D89-AED6-C780C63FE2E1}.Debug|Any CPU.Build.0 = Debug|Any CPU
		{36A2ECC9-B612-4D89-AED6-C780C63FE2E1}.Release|Any CPU.ActiveCfg = Release|Any CPU
		{36A2ECC9-B612-4D89-AED6-C780C63FE2E1}.Release|Any CPU.Build.0 = Release|Any CPU
		{DC30EAB0-9053-4A49-9DC8-A4A7748667AE}.Debug|Any CPU.ActiveCfg = Debug|Any CPU
		{DC30EAB0-9053-4A49-9DC8-A4A7748667AE}.Debug|Any CPU.Build.0 = Debug|Any CPU
		{DC30EAB0-9053-4A49-9DC8-A4A7748667AE}.Release|Any CPU.ActiveCfg = Release|Any CPU
		{DC30EAB0-9053-4A49-9DC8-A4A7748667AE}.Release|Any CPU.Build.0 = Release|Any CPU
		{02E56AFE-D4D8-48B0-B291-CE00BD3EF661}.Debug|Any CPU.ActiveCfg = Debug|Any CPU
		{02E56AFE-D4D8-48B0-B291-CE00BD3EF661}.Debug|Any CPU.Build.0 = Debug|Any CPU
		{02E56AFE-D4D8-48B0-B291-CE00BD3EF661}.Release|Any CPU.ActiveCfg = Release|Any CPU
		{02E56AFE-D4D8-48B0-B291-CE00BD3EF661}.Release|Any CPU.Build.0 = Release|Any CPU
		{4603163A-C464-4A8D-9AAD-C98F61326211}.Debug|Any CPU.ActiveCfg = Debug|Any CPU
		{4603163A-C464-4A8D-9AAD-C98F61326211}.Debug|Any CPU.Build.0 = Debug|Any CPU
		{4603163A-C464-4A8D-9AAD-C98F61326211}.Release|Any CPU.ActiveCfg = Release|Any CPU
		{4603163A-C464-4A8D-9AAD-C98F61326211}.Release|Any CPU.Build.0 = Release|Any CPU
		{1ED56868-2DC0-4BA5-B014-1B9849C7A0E0}.Debug|Any CPU.ActiveCfg = Debug|Any CPU
		{1ED56868-2DC0-4BA5-B014-1B9849C7A0E0}.Debug|Any CPU.Build.0 = Debug|Any CPU
		{1ED56868-2DC0-4BA5-B014-1B9849C7A0E0}.Release|Any CPU.ActiveCfg = Release|Any CPU
		{1ED56868-2DC0-4BA5-B014-1B9849C7A0E0}.Release|Any CPU.Build.0 = Release|Any CPU
		{CFE92E69-BF03-4277-83A8-EF0960686487}.Debug|Any CPU.ActiveCfg = Debug|Any CPU
		{CFE92E69-BF03-4277-83A8-EF0960686487}.Debug|Any CPU.Build.0 = Debug|Any CPU
		{CFE92E69-BF03-4277-83A8-EF0960686487}.Release|Any CPU.ActiveCfg = Release|Any CPU
		{CFE92E69-BF03-4277-83A8-EF0960686487}.Release|Any CPU.Build.0 = Release|Any CPU
		{D4094E32-FF49-42F4-9B04-B2771926B06E}.Debug|Any CPU.ActiveCfg = Debug|Any CPU
		{D4094E32-FF49-42F4-9B04-B2771926B06E}.Debug|Any CPU.Build.0 = Debug|Any CPU
		{D4094E32-FF49-42F4-9B04-B2771926B06E}.Release|Any CPU.ActiveCfg = Release|Any CPU
		{D4094E32-FF49-42F4-9B04-B2771926B06E}.Release|Any CPU.Build.0 = Release|Any CPU
		{3CFA034A-82BE-4CC8-B544-C1076F3ACA18}.Debug|Any CPU.ActiveCfg = Debug|Any CPU
		{3CFA034A-82BE-4CC8-B544-C1076F3ACA18}.Debug|Any CPU.Build.0 = Debug|Any CPU
		{3CFA034A-82BE-4CC8-B544-C1076F3ACA18}.Release|Any CPU.ActiveCfg = Release|Any CPU
		{3CFA034A-82BE-4CC8-B544-C1076F3ACA18}.Release|Any CPU.Build.0 = Release|Any CPU
		{2577CCF3-6A6E-4A4F-B95A-AD20D11A4038}.Debug|Any CPU.ActiveCfg = Debug|Any CPU
		{2577CCF3-6A6E-4A4F-B95A-AD20D11A4038}.Debug|Any CPU.Build.0 = Debug|Any CPU
		{2577CCF3-6A6E-4A4F-B95A-AD20D11A4038}.Release|Any CPU.ActiveCfg = Release|Any CPU
		{2577CCF3-6A6E-4A4F-B95A-AD20D11A4038}.Release|Any CPU.Build.0 = Release|Any CPU
		{753F5324-AD41-4C1B-AA77-A721823BB229}.Debug|Any CPU.ActiveCfg = Debug|Any CPU
		{753F5324-AD41-4C1B-AA77-A721823BB229}.Debug|Any CPU.Build.0 = Debug|Any CPU
		{753F5324-AD41-4C1B-AA77-A721823BB229}.Release|Any CPU.ActiveCfg = Release|Any CPU
		{753F5324-AD41-4C1B-AA77-A721823BB229}.Release|Any CPU.Build.0 = Release|Any CPU
		{B44DE855-9A13-4198-B8CB-2E18180699C5}.Debug|Any CPU.ActiveCfg = Debug|Any CPU
		{B44DE855-9A13-4198-B8CB-2E18180699C5}.Debug|Any CPU.Build.0 = Debug|Any CPU
		{B44DE855-9A13-4198-B8CB-2E18180699C5}.Release|Any CPU.ActiveCfg = Release|Any CPU
		{B44DE855-9A13-4198-B8CB-2E18180699C5}.Release|Any CPU.Build.0 = Release|Any CPU
		{ECF89610-A720-4AF6-9767-09A0305F869F}.Debug|Any CPU.ActiveCfg = Debug|Any CPU
		{ECF89610-A720-4AF6-9767-09A0305F869F}.Debug|Any CPU.Build.0 = Debug|Any CPU
		{ECF89610-A720-4AF6-9767-09A0305F869F}.Release|Any CPU.ActiveCfg = Release|Any CPU
		{ECF89610-A720-4AF6-9767-09A0305F869F}.Release|Any CPU.Build.0 = Release|Any CPU
		{BEB84EA2-1DC3-485B-9934-0027275C8754}.Debug|Any CPU.ActiveCfg = Debug|Any CPU
		{BEB84EA2-1DC3-485B-9934-0027275C8754}.Debug|Any CPU.Build.0 = Debug|Any CPU
		{BEB84EA2-1DC3-485B-9934-0027275C8754}.Release|Any CPU.ActiveCfg = Release|Any CPU
		{BEB84EA2-1DC3-485B-9934-0027275C8754}.Release|Any CPU.Build.0 = Release|Any CPU
		{36F41FD3-18E9-4AF6-8A94-B9EB3ED93CDA}.Debug|Any CPU.ActiveCfg = Debug|Any CPU
		{36F41FD3-18E9-4AF6-8A94-B9EB3ED93CDA}.Debug|Any CPU.Build.0 = Debug|Any CPU
		{36F41FD3-18E9-4AF6-8A94-B9EB3ED93CDA}.Release|Any CPU.ActiveCfg = Release|Any CPU
		{36F41FD3-18E9-4AF6-8A94-B9EB3ED93CDA}.Release|Any CPU.Build.0 = Release|Any CPU
		{C504F929-DA37-471B-841D-947F85FF2BFD}.Debug|Any CPU.ActiveCfg = Debug|Any CPU
		{C504F929-DA37-471B-841D-947F85FF2BFD}.Debug|Any CPU.Build.0 = Debug|Any CPU
		{C504F929-DA37-471B-841D-947F85FF2BFD}.Release|Any CPU.ActiveCfg = Release|Any CPU
		{C504F929-DA37-471B-841D-947F85FF2BFD}.Release|Any CPU.Build.0 = Release|Any CPU
		{94BE7E49-5DC7-49BA-8305-4791DBD2CC1F}.Debug|Any CPU.ActiveCfg = Debug|Any CPU
		{94BE7E49-5DC7-49BA-8305-4791DBD2CC1F}.Debug|Any CPU.Build.0 = Debug|Any CPU
		{94BE7E49-5DC7-49BA-8305-4791DBD2CC1F}.Release|Any CPU.ActiveCfg = Release|Any CPU
		{94BE7E49-5DC7-49BA-8305-4791DBD2CC1F}.Release|Any CPU.Build.0 = Release|Any CPU
		{CD798087-9600-456D-891C-F0598370FCCA}.Debug|Any CPU.ActiveCfg = Debug|Any CPU
		{CD798087-9600-456D-891C-F0598370FCCA}.Debug|Any CPU.Build.0 = Debug|Any CPU
		{CD798087-9600-456D-891C-F0598370FCCA}.Release|Any CPU.ActiveCfg = Release|Any CPU
		{CD798087-9600-456D-891C-F0598370FCCA}.Release|Any CPU.Build.0 = Release|Any CPU
		{02CE1C55-DDE6-4091-8738-A0D9D79F9D07}.Debug|Any CPU.ActiveCfg = Debug|Any CPU
		{02CE1C55-DDE6-4091-8738-A0D9D79F9D07}.Debug|Any CPU.Build.0 = Debug|Any CPU
		{02CE1C55-DDE6-4091-8738-A0D9D79F9D07}.Release|Any CPU.ActiveCfg = Release|Any CPU
		{02CE1C55-DDE6-4091-8738-A0D9D79F9D07}.Release|Any CPU.Build.0 = Release|Any CPU
		{03468633-3368-4133-9343-CA28D6F4B978}.Debug|Any CPU.ActiveCfg = Debug|Any CPU
		{03468633-3368-4133-9343-CA28D6F4B978}.Debug|Any CPU.Build.0 = Debug|Any CPU
		{03468633-3368-4133-9343-CA28D6F4B978}.Release|Any CPU.ActiveCfg = Release|Any CPU
		{03468633-3368-4133-9343-CA28D6F4B978}.Release|Any CPU.Build.0 = Release|Any CPU
		{949A1D7B-B1EC-4DB6-AA02-E58F4237164E}.Debug|Any CPU.ActiveCfg = Debug|Any CPU
		{949A1D7B-B1EC-4DB6-AA02-E58F4237164E}.Debug|Any CPU.Build.0 = Debug|Any CPU
		{949A1D7B-B1EC-4DB6-AA02-E58F4237164E}.Release|Any CPU.ActiveCfg = Release|Any CPU
		{949A1D7B-B1EC-4DB6-AA02-E58F4237164E}.Release|Any CPU.Build.0 = Release|Any CPU
	EndGlobalSection
	GlobalSection(SolutionProperties) = preSolution
		HideSolutionNode = FALSE
	EndGlobalSection
	GlobalSection(NestedProjects) = preSolution
		{9713383F-5A27-4584-BD66-1FFB8C4341A6} = {D363E96B-C464-4BF1-80F3-C626CD6EF4E5}
		{8E30F79F-7E6C-44C8-90A1-4DFF1466A5AE} = {D363E96B-C464-4BF1-80F3-C626CD6EF4E5}
		{112EE0D3-E07A-4B6B-BE23-C503185E9AAD} = {D363E96B-C464-4BF1-80F3-C626CD6EF4E5}
		{0C5BDD56-C5D5-4109-8FD6-ED30C34C9DE3} = {D363E96B-C464-4BF1-80F3-C626CD6EF4E5}
		{B76670E6-B392-4686-8092-11E3DB589B5F} = {D363E96B-C464-4BF1-80F3-C626CD6EF4E5}
		{8CC4FBF4-7275-4B1C-BCEB-58B1BB95A8EB} = {D363E96B-C464-4BF1-80F3-C626CD6EF4E5}
		{1480CB1E-53B3-48DC-A83A-E499D6AC3CB2} = {D363E96B-C464-4BF1-80F3-C626CD6EF4E5}
		{C858A671-8F2D-4626-9A13-48D3E5DDC400} = {D363E96B-C464-4BF1-80F3-C626CD6EF4E5}
		{DB127210-A641-4068-BF42-0ADCA52B9B3A} = {D363E96B-C464-4BF1-80F3-C626CD6EF4E5}
		{0040D4E8-6278-41D0-B5C8-68499CA746C5} = {D363E96B-C464-4BF1-80F3-C626CD6EF4E5}
		{AE48C7BC-E096-4C40-A3D9-5ACE53728CAF} = {D363E96B-C464-4BF1-80F3-C626CD6EF4E5}
		{3F346EBB-3194-4720-931C-6FF7FB964B19} = {D363E96B-C464-4BF1-80F3-C626CD6EF4E5}
		{F7A26494-FC93-4076-9375-12669E8DB286} = {D363E96B-C464-4BF1-80F3-C626CD6EF4E5}
		{36A2ECC9-B612-4D89-AED6-C780C63FE2E1} = {D363E96B-C464-4BF1-80F3-C626CD6EF4E5}
		{DC30EAB0-9053-4A49-9DC8-A4A7748667AE} = {D363E96B-C464-4BF1-80F3-C626CD6EF4E5}
		{48A27D44-5B80-4EA4-BFA3-CB6D7B413AFA} = {D363E96B-C464-4BF1-80F3-C626CD6EF4E5}
		{02E56AFE-D4D8-48B0-B291-CE00BD3EF661} = {48A27D44-5B80-4EA4-BFA3-CB6D7B413AFA}
		{4603163A-C464-4A8D-9AAD-C98F61326211} = {D363E96B-C464-4BF1-80F3-C626CD6EF4E5}
		{1ED56868-2DC0-4BA5-B014-1B9849C7A0E0} = {48A27D44-5B80-4EA4-BFA3-CB6D7B413AFA}
		{CFE92E69-BF03-4277-83A8-EF0960686487} = {D363E96B-C464-4BF1-80F3-C626CD6EF4E5}
		{D4094E32-FF49-42F4-9B04-B2771926B06E} = {811BD7B0-EABA-45A2-A464-5ED5CBBD59A0}
		{729A0CF3-FF65-4BCC-B02A-120CF95C5A2A} = {811BD7B0-EABA-45A2-A464-5ED5CBBD59A0}
		{3CFA034A-82BE-4CC8-B544-C1076F3ACA18} = {729A0CF3-FF65-4BCC-B02A-120CF95C5A2A}
		{2577CCF3-6A6E-4A4F-B95A-AD20D11A4038} = {811BD7B0-EABA-45A2-A464-5ED5CBBD59A0}
		{753F5324-AD41-4C1B-AA77-A721823BB229} = {811BD7B0-EABA-45A2-A464-5ED5CBBD59A0}
		{B44DE855-9A13-4198-B8CB-2E18180699C5} = {811BD7B0-EABA-45A2-A464-5ED5CBBD59A0}
		{ECF89610-A720-4AF6-9767-09A0305F869F} = {811BD7B0-EABA-45A2-A464-5ED5CBBD59A0}
		{BEB84EA2-1DC3-485B-9934-0027275C8754} = {811BD7B0-EABA-45A2-A464-5ED5CBBD59A0}
		{36F41FD3-18E9-4AF6-8A94-B9EB3ED93CDA} = {811BD7B0-EABA-45A2-A464-5ED5CBBD59A0}
		{C504F929-DA37-471B-841D-947F85FF2BFD} = {811BD7B0-EABA-45A2-A464-5ED5CBBD59A0}
		{94BE7E49-5DC7-49BA-8305-4791DBD2CC1F} = {811BD7B0-EABA-45A2-A464-5ED5CBBD59A0}
		{CD798087-9600-456D-891C-F0598370FCCA} = {811BD7B0-EABA-45A2-A464-5ED5CBBD59A0}
		{02CE1C55-DDE6-4091-8738-A0D9D79F9D07} = {811BD7B0-EABA-45A2-A464-5ED5CBBD59A0}
		{03468633-3368-4133-9343-CA28D6F4B978} = {811BD7B0-EABA-45A2-A464-5ED5CBBD59A0}
		{949A1D7B-B1EC-4DB6-AA02-E58F4237164E} = {811BD7B0-EABA-45A2-A464-5ED5CBBD59A0}
	EndGlobalSection
	GlobalSection(ExtensibilityGlobals) = postSolution
		SolutionGuid = {42862C56-5F25-4F1C-A526-2CCD759040A7}
	EndGlobalSection
EndGlobal
